
Microsoft Visual Studio Solution File, Format Version 12.00
# Visual Studio 15
VisualStudioVersion = 15.0.28307.329
MinimumVisualStudioVersion = 10.0.40219.1
Project("{FAE04EC0-301F-11D3-BF4B-00C04F79EFBC}") = "MyInfo.Android", "MyInfo\MyInfo.Android\MyInfo.Android.csproj", "{A1C2886F-329B-47AC-BB04-AE513A457202}"
EndProject
Project("{FAE04EC0-301F-11D3-BF4B-00C04F79EFBC}") = "MyInfo.iOS", "MyInfo\MyInfo.iOS\MyInfo.iOS.csproj", "{B43F271E-9C07-461B-B0B1-BABE264DA796}"
EndProject
Project("{FAE04EC0-301F-11D3-BF4B-00C04F79EFBC}") = "MyInfo", "MyInfo\MyInfo\MyInfo.csproj", "{6CF46F41-038F-46A4-A083-AAF2025AFB6C}"
EndProject
Global
	GlobalSection(SolutionConfigurationPlatforms) = preSolution
		Ad-Hoc|Any CPU = Ad-Hoc|Any CPU
		Ad-Hoc|iPhone = Ad-Hoc|iPhone
		Ad-Hoc|iPhoneSimulator = Ad-Hoc|iPhoneSimulator
		AppStore|Any CPU = AppStore|Any CPU
		AppStore|iPhone = AppStore|iPhone
		AppStore|iPhoneSimulator = AppStore|iPhoneSimulator
		Debug|Any CPU = Debug|Any CPU
		Debug|iPhone = Debug|iPhone
		Debug|iPhoneSimulator = Debug|iPhoneSimulator
		Release|Any CPU = Release|Any CPU
		Release|iPhone = Release|iPhone
		Release|iPhoneSimulator = Release|iPhoneSimulator
	EndGlobalSection
	GlobalSection(ProjectConfigurationPlatforms) = postSolution
		{A1C2886F-329B-47AC-BB04-AE513A457202}.Ad-Hoc|Any CPU.ActiveCfg = Release|Any CPU
		{A1C2886F-329B-47AC-BB04-AE513A457202}.Ad-Hoc|Any CPU.Build.0 = Release|Any CPU
		{A1C2886F-329B-47AC-BB04-AE513A457202}.Ad-Hoc|Any CPU.Deploy.0 = Release|Any CPU
		{A1C2886F-329B-47AC-BB04-AE513A457202}.Ad-Hoc|iPhone.ActiveCfg = Release|Any CPU
		{A1C2886F-329B-47AC-BB04-AE513A457202}.Ad-Hoc|iPhone.Build.0 = Release|Any CPU
		{A1C2886F-329B-47AC-BB04-AE513A457202}.Ad-Hoc|iPhone.Deploy.0 = Release|Any CPU
		{A1C2886F-329B-47AC-BB04-AE513A457202}.Ad-Hoc|iPhoneSimulator.ActiveCfg = Release|Any CPU
		{A1C2886F-329B-47AC-BB04-AE513A457202}.Ad-Hoc|iPhoneSimulator.Build.0 = Release|Any CPU
		{A1C2886F-329B-47AC-BB04-AE513A457202}.Ad-Hoc|iPhoneSimulator.Deploy.0 = Release|Any CPU
		{A1C2886F-329B-47AC-BB04-AE513A457202}.AppStore|Any CPU.ActiveCfg = Release|Any CPU
		{A1C2886F-329B-47AC-BB04-AE513A457202}.AppStore|Any CPU.Build.0 = Release|Any CPU
		{A1C2886F-329B-47AC-BB04-AE513A457202}.AppStore|Any CPU.Deploy.0 = Release|Any CPU
		{A1C2886F-329B-47AC-BB04-AE513A457202}.AppStore|iPhone.ActiveCfg = Release|Any CPU
		{A1C2886F-329B-47AC-BB04-AE513A457202}.AppStore|iPhone.Build.0 = Release|Any CPU
		{A1C2886F-329B-47AC-BB04-AE513A457202}.AppStore|iPhone.Deploy.0 = Release|Any CPU
		{A1C2886F-329B-47AC-BB04-AE513A457202}.AppStore|iPhoneSimulator.ActiveCfg = Release|Any CPU
		{A1C2886F-329B-47AC-BB04-AE513A457202}.AppStore|iPhoneSimulator.Build.0 = Release|Any CPU
		{A1C2886F-329B-47AC-BB04-AE513A457202}.AppStore|iPhoneSimulator.Deploy.0 = Release|Any CPU
		{A1C2886F-329B-47AC-BB04-AE513A457202}.Debug|Any CPU.ActiveCfg = Debug|Any CPU
		{A1C2886F-329B-47AC-BB04-AE513A457202}.Debug|Any CPU.Build.0 = Debug|Any CPU
		{A1C2886F-329B-47AC-BB04-AE513A457202}.Debug|Any CPU.Deploy.0 = Debug|Any CPU
		{A1C2886F-329B-47AC-BB04-AE513A457202}.Debug|iPhone.ActiveCfg = Debug|Any CPU
		{A1C2886F-329B-47AC-BB04-AE513A457202}.Debug|iPhone.Build.0 = Debug|Any CPU
		{A1C2886F-329B-47AC-BB04-AE513A457202}.Debug|iPhone.Deploy.0 = Debug|Any CPU
		{A1C2886F-329B-47AC-BB04-AE513A457202}.Debug|iPhoneSimulator.ActiveCfg = Debug|Any CPU
		{A1C2886F-329B-47AC-BB04-AE513A457202}.Debug|iPhoneSimulator.Build.0 = Debug|Any CPU
		{A1C2886F-329B-47AC-BB04-AE513A457202}.Debug|iPhoneSimulator.Deploy.0 = Debug|Any CPU
		{A1C2886F-329B-47AC-BB04-AE513A457202}.Release|Any CPU.ActiveCfg = Release|Any CPU
		{A1C2886F-329B-47AC-BB04-AE513A457202}.Release|Any CPU.Build.0 = Release|Any CPU
		{A1C2886F-329B-47AC-BB04-AE513A457202}.Release|Any CPU.Deploy.0 = Release|Any CPU
		{A1C2886F-329B-47AC-BB04-AE513A457202}.Release|iPhone.ActiveCfg = Release|Any CPU
		{A1C2886F-329B-47AC-BB04-AE513A457202}.Release|iPhone.Build.0 = Release|Any CPU
		{A1C2886F-329B-47AC-BB04-AE513A457202}.Release|iPhone.Deploy.0 = Release|Any CPU
		{A1C2886F-329B-47AC-BB04-AE513A457202}.Release|iPhoneSimulator.ActiveCfg = Release|Any CPU
		{A1C2886F-329B-47AC-BB04-AE513A457202}.Release|iPhoneSimulator.Build.0 = Release|Any CPU
		{A1C2886F-329B-47AC-BB04-AE513A457202}.Release|iPhoneSimulator.Deploy.0 = Release|Any CPU
		{B43F271E-9C07-461B-B0B1-BABE264DA796}.Ad-Hoc|Any CPU.ActiveCfg = Ad-Hoc|iPhone
		{B43F271E-9C07-461B-B0B1-BABE264DA796}.Ad-Hoc|Any CPU.Build.0 = Ad-Hoc|iPhone
		{B43F271E-9C07-461B-B0B1-BABE264DA796}.Ad-Hoc|Any CPU.Deploy.0 = Ad-Hoc|iPhone
		{B43F271E-9C07-461B-B0B1-BABE264DA796}.Ad-Hoc|iPhone.ActiveCfg = Ad-Hoc|iPhone
		{B43F271E-9C07-461B-B0B1-BABE264DA796}.Ad-Hoc|iPhone.Build.0 = Ad-Hoc|iPhone
		{B43F271E-9C07-461B-B0B1-BABE264DA796}.Ad-Hoc|iPhone.Deploy.0 = Ad-Hoc|iPhone
		{B43F271E-9C07-461B-B0B1-BABE264DA796}.Ad-Hoc|iPhoneSimulator.ActiveCfg = Ad-Hoc|iPhoneSimulator
		{B43F271E-9C07-461B-B0B1-BABE264DA796}.Ad-Hoc|iPhoneSimulator.Build.0 = Ad-Hoc|iPhoneSimulator
		{B43F271E-9C07-461B-B0B1-BABE264DA796}.Ad-Hoc|iPhoneSimulator.Deploy.0 = Ad-Hoc|iPhoneSimulator
		{B43F271E-9C07-461B-B0B1-BABE264DA796}.AppStore|Any CPU.ActiveCfg = AppStore|iPhone
		{B43F271E-9C07-461B-B0B1-BABE264DA796}.AppStore|Any CPU.Build.0 = AppStore|iPhone
		{B43F271E-9C07-461B-B0B1-BABE264DA796}.AppStore|Any CPU.Deploy.0 = AppStore|iPhone
		{B43F271E-9C07-461B-B0B1-BABE264DA796}.AppStore|iPhone.ActiveCfg = AppStore|iPhone
		{B43F271E-9C07-461B-B0B1-BABE264DA796}.AppStore|iPhone.Build.0 = AppStore|iPhone
		{B43F271E-9C07-461B-B0B1-BABE264DA796}.AppStore|iPhone.Deploy.0 = AppStore|iPhone
		{B43F271E-9C07-461B-B0B1-BABE264DA796}.AppStore|iPhoneSimulator.ActiveCfg = AppStore|iPhoneSimulator
		{B43F271E-9C07-461B-B0B1-BABE264DA796}.AppStore|iPhoneSimulator.Build.0 = AppStore|iPhoneSimulator
		{B43F271E-9C07-461B-B0B1-BABE264DA796}.AppStore|iPhoneSimulator.Deploy.0 = AppStore|iPhoneSimulator
		{B43F271E-9C07-461B-B0B1-BABE264DA796}.Debug|Any CPU.ActiveCfg = Debug|iPhoneSimulator
		{B43F271E-9C07-461B-B0B1-BABE264DA796}.Debug|Any CPU.Build.0 = Debug|iPhoneSimulator
		{B43F271E-9C07-461B-B0B1-BABE264DA796}.Debug|Any CPU.Deploy.0 = Debug|iPhoneSimulator
		{B43F271E-9C07-461B-B0B1-BABE264DA796}.Debug|iPhone.ActiveCfg = Debug|iPhone
		{B43F271E-9C07-461B-B0B1-BABE264DA796}.Debug|iPhone.Build.0 = Debug|iPhone
		{B43F271E-9C07-461B-B0B1-BABE264DA796}.Debug|iPhone.Deploy.0 = Debug|iPhone
		{B43F271E-9C07-461B-B0B1-BABE264DA796}.Debug|iPhoneSimulator.ActiveCfg = Debug|iPhoneSimulator
		{B43F271E-9C07-461B-B0B1-BABE264DA796}.Debug|iPhoneSimulator.Build.0 = Debug|iPhoneSimulator
		{B43F271E-9C07-461B-B0B1-BABE264DA796}.Debug|iPhoneSimulator.Deploy.0 = Debug|iPhoneSimulator
		{B43F271E-9C07-461B-B0B1-BABE264DA796}.Release|Any CPU.ActiveCfg = Release|iPhone
		{B43F271E-9C07-461B-B0B1-BABE264DA796}.Release|Any CPU.Build.0 = Release|iPhone
		{B43F271E-9C07-461B-B0B1-BABE264DA796}.Release|Any CPU.Deploy.0 = Release|iPhone
		{B43F271E-9C07-461B-B0B1-BABE264DA796}.Release|iPhone.ActiveCfg = Release|iPhone
		{B43F271E-9C07-461B-B0B1-BABE264DA796}.Release|iPhone.Build.0 = Release|iPhone
		{B43F271E-9C07-461B-B0B1-BABE264DA796}.Release|iPhone.Deploy.0 = Release|iPhone
		{B43F271E-9C07-461B-B0B1-BABE264DA796}.Release|iPhoneSimulator.ActiveCfg = Release|iPhoneSimulator
		{B43F271E-9C07-461B-B0B1-BABE264DA796}.Release|iPhoneSimulator.Build.0 = Release|iPhoneSimulator
		{B43F271E-9C07-461B-B0B1-BABE264DA796}.Release|iPhoneSimulator.Deploy.0 = Release|iPhoneSimulator
		{6CF46F41-038F-46A4-A083-AAF2025AFB6C}.Ad-Hoc|Any CPU.ActiveCfg = Debug|Any CPU
		{6CF46F41-038F-46A4-A083-AAF2025AFB6C}.Ad-Hoc|Any CPU.Build.0 = Debug|Any CPU
		{6CF46F41-038F-46A4-A083-AAF2025AFB6C}.Ad-Hoc|Any CPU.Deploy.0 = Debug|Any CPU
		{6CF46F41-038F-46A4-A083-AAF2025AFB6C}.Ad-Hoc|iPhone.ActiveCfg = Debug|Any CPU
		{6CF46F41-038F-46A4-A083-AAF2025AFB6C}.Ad-Hoc|iPhone.Build.0 = Debug|Any CPU
		{6CF46F41-038F-46A4-A083-AAF2025AFB6C}.Ad-Hoc|iPhone.Deploy.0 = Debug|Any CPU
		{6CF46F41-038F-46A4-A083-AAF2025AFB6C}.Ad-Hoc|iPhoneSimulator.ActiveCfg = Debug|Any CPU
		{6CF46F41-038F-46A4-A083-AAF2025AFB6C}.Ad-Hoc|iPhoneSimulator.Build.0 = Debug|Any CPU
		{6CF46F41-038F-46A4-A083-AAF2025AFB6C}.Ad-Hoc|iPhoneSimulator.Deploy.0 = Debug|Any CPU
		{6CF46F41-038F-46A4-A083-AAF2025AFB6C}.AppStore|Any CPU.ActiveCfg = Debug|Any CPU
		{6CF46F41-038F-46A4-A083-AAF2025AFB6C}.AppStore|Any CPU.Build.0 = Debug|Any CPU
		{6CF46F41-038F-46A4-A083-AAF2025AFB6C}.AppStore|Any CPU.Deploy.0 = Debug|Any CPU
		{6CF46F41-038F-46A4-A083-AAF2025AFB6C}.AppStore|iPhone.ActiveCfg = Debug|Any CPU
		{6CF46F41-038F-46A4-A083-AAF2025AFB6C}.AppStore|iPhone.Build.0 = Debug|Any CPU
		{6CF46F41-038F-46A4-A083-AAF2025AFB6C}.AppStore|iPhone.Deploy.0 = Debug|Any CPU
		{6CF46F41-038F-46A4-A083-AAF2025AFB6C}.AppStore|iPhoneSimulator.ActiveCfg = Debug|Any CPU
		{6CF46F41-038F-46A4-A083-AAF2025AFB6C}.AppStore|iPhoneSimulator.Build.0 = Debug|Any CPU
		{6CF46F41-038F-46A4-A083-AAF2025AFB6C}.AppStore|iPhoneSimulator.Deploy.0 = Debug|Any CPU
		{6CF46F41-038F-46A4-A083-AAF2025AFB6C}.Debug|Any CPU.ActiveCfg = Debug|Any CPU
		{6CF46F41-038F-46A4-A083-AAF2025AFB6C}.Debug|Any CPU.Build.0 = Debug|Any CPU
		{6CF46F41-038F-46A4-A083-AAF2025AFB6C}.Debug|Any CPU.Deploy.0 = Debug|Any CPU
		{6CF46F41-038F-46A4-A083-AAF2025AFB6C}.Debug|iPhone.ActiveCfg = Debug|Any CPU
		{6CF46F41-038F-46A4-A083-AAF2025AFB6C}.Debug|iPhone.Build.0 = Debug|Any CPU
		{6CF46F41-038F-46A4-A083-AAF2025AFB6C}.Debug|iPhone.Deploy.0 = Debug|Any CPU
		{6CF46F41-038F-46A4-A083-AAF2025AFB6C}.Debug|iPhoneSimulator.ActiveCfg = Debug|Any CPU
		{6CF46F41-038F-46A4-A083-AAF2025AFB6C}.Debug|iPhoneSimulator.Build.0 = Debug|Any CPU
		{6CF46F41-038F-46A4-A083-AAF2025AFB6C}.Debug|iPhoneSimulator.Deploy.0 = Debug|Any CPU
		{6CF46F41-038F-46A4-A083-AAF2025AFB6C}.Release|Any CPU.ActiveCfg = Release|Any CPU
		{6CF46F41-038F-46A4-A083-AAF2025AFB6C}.Release|Any CPU.Build.0 = Release|Any CPU
		{6CF46F41-038F-46A4-A083-AAF2025AFB6C}.Release|Any CPU.Deploy.0 = Release|Any CPU
		{6CF46F41-038F-46A4-A083-AAF2025AFB6C}.Release|iPhone.ActiveCfg = Release|Any CPU
		{6CF46F41-038F-46A4-A083-AAF2025AFB6C}.Release|iPhone.Build.0 = Release|Any CPU
		{6CF46F41-038F-46A4-A083-AAF2025AFB6C}.Release|iPhone.Deploy.0 = Release|Any CPU
		{6CF46F41-038F-46A4-A083-AAF2025AFB6C}.Release|iPhoneSimulator.ActiveCfg = Release|Any CPU
		{6CF46F41-038F-46A4-A083-AAF2025AFB6C}.Release|iPhoneSimulator.Build.0 = Release|Any CPU
		{6CF46F41-038F-46A4-A083-AAF2025AFB6C}.Release|iPhoneSimulator.Deploy.0 = Release|Any CPU
	EndGlobalSection
	GlobalSection(SolutionProperties) = preSolution
		HideSolutionNode = FALSE
	EndGlobalSection
	GlobalSection(ExtensibilityGlobals) = postSolution
		SolutionGuid = {0459A8AF-643A-42E5-B5D9-B77E97981107}
	EndGlobalSection
EndGlobal
